
Microsoft Visual Studio Solution File, Format Version 11.00
# Visual Basic Express 2010
Project("{F184B08F-C81C-45F6-A57F-5ABD9991F28F}") = "UIproyecto", "UIproyecto\UIproyecto.vbproj", "{AA7A3AAF-198A-4C07-9A68-A67F5EDF0BC5}"
EndProject
Global
	GlobalSection(SolutionConfigurationPlatforms) = preSolution
		Debug|x86 = Debug|x86
		Release|x86 = Release|x86
	EndGlobalSection
	GlobalSection(ProjectConfigurationPlatforms) = postSolution
		{AA7A3AAF-198A-4C07-9A68-A67F5EDF0BC5}.Debug|x86.ActiveCfg = Debug|x86
		{AA7A3AAF-198A-4C07-9A68-A67F5EDF0BC5}.Debug|x86.Build.0 = Debug|x86
		{AA7A3AAF-198A-4C07-9A68-A67F5EDF0BC5}.Release|x86.ActiveCfg = Release|x86
		{AA7A3AAF-198A-4C07-9A68-A67F5EDF0BC5}.Release|x86.Build.0 = Release|x86
	EndGlobalSection
	GlobalSection(SolutionProperties) = preSolution
		HideSolutionNode = FALSE
	EndGlobalSection
EndGlobal
